// !$*UTF8*$!
{
	archiveVersion = 1;
	classes = {
	};
	objectVersion = 56;
	objects = {

/* Begin PBXBuildFile section */
		F5C62AD029B9C4D800FDB80F /* ChoiceBrain.swift in Sources */ = {isa = PBXBuildFile; fileRef = F5C62ACF29B9C4D800FDB80F /* ChoiceBrain.swift */; };
		F5C62AD229B9C4E500FDB80F /* Choices.swift in Sources */ = {isa = PBXBuildFile; fileRef = F5C62AD129B9C4E500FDB80F /* Choices.swift */; };
		F5D949D829B8E38E00AD1DD8 /* AppDelegate.swift in Sources */ = {isa = PBXBuildFile; fileRef = F5D949D729B8E38E00AD1DD8 /* AppDelegate.swift */; };
		F5D949DA29B8E38E00AD1DD8 /* SceneDelegate.swift in Sources */ = {isa = PBXBuildFile; fileRef = F5D949D929B8E38E00AD1DD8 /* SceneDelegate.swift */; };
		F5D949DC29B8E38E00AD1DD8 /* ViewController.swift in Sources */ = {isa = PBXBuildFile; fileRef = F5D949DB29B8E38E00AD1DD8 /* ViewController.swift */; };
		F5D949DF29B8E38E00AD1DD8 /* Main.storyboard in Resources */ = {isa = PBXBuildFile; fileRef = F5D949DD29B8E38E00AD1DD8 /* Main.storyboard */; };
		F5D949E129B8E38F00AD1DD8 /* Assets.xcassets in Resources */ = {isa = PBXBuildFile; fileRef = F5D949E029B8E38F00AD1DD8 /* Assets.xcassets */; };
		F5D949E429B8E38F00AD1DD8 /* LaunchScreen.storyboard in Resources */ = {isa = PBXBuildFile; fileRef = F5D949E229B8E38F00AD1DD8 /* LaunchScreen.storyboard */; };
/* End PBXBuildFile section */

/* Begin PBXFileReference section */
		F5C62ACF29B9C4D800FDB80F /* ChoiceBrain.swift */ = {isa = PBXFileReference; lastKnownFileType = sourcecode.swift; path = ChoiceBrain.swift; sourceTree = "<group>"; };
		F5C62AD129B9C4E500FDB80F /* Choices.swift */ = {isa = PBXFileReference; lastKnownFileType = sourcecode.swift; path = Choices.swift; sourceTree = "<group>"; };
		F5D949D429B8E38E00AD1DD8 /* TheChoiceApp.app */ = {isa = PBXFileReference; explicitFileType = wrapper.application; includeInIndex = 0; path = TheChoiceApp.app; sourceTree = BUILT_PRODUCTS_DIR; };
		F5D949D729B8E38E00AD1DD8 /* AppDelegate.swift */ = {isa = PBXFileReference; lastKnownFileType = sourcecode.swift; path = AppDelegate.swift; sourceTree = "<group>"; };
		F5D949D929B8E38E00AD1DD8 /* SceneDelegate.swift */ = {isa = PBXFileReference; lastKnownFileType = sourcecode.swift; path = SceneDelegate.swift; sourceTree = "<group>"; };
		F5D949DB29B8E38E00AD1DD8 /* ViewController.swift */ = {isa = PBXFileReference; lastKnownFileType = sourcecode.swift; path = ViewController.swift; sourceTree = "<group>"; };
		F5D949DE29B8E38E00AD1DD8 /* Base */ = {isa = PBXFileReference; lastKnownFileType = file.storyboard; name = Base; path = Base.lproj/Main.storyboard; sourceTree = "<group>"; };
		F5D949E029B8E38F00AD1DD8 /* Assets.xcassets */ = {isa = PBXFileReference; lastKnownFileType = folder.assetcatalog; path = Assets.xcassets; sourceTree = "<group>"; };
		F5D949E329B8E38F00AD1DD8 /* Base */ = {isa = PBXFileReference; lastKnownFileType = file.storyboard; name = Base; path = Base.lproj/LaunchScreen.storyboard; sourceTree = "<group>"; };
		F5D949E529B8E38F00AD1DD8 /* Info.plist */ = {isa = PBXFileReference; lastKnownFileType = text.plist.xml; path = Info.plist; sourceTree = "<group>"; };
/* End PBXFileReference section */

/* Begin PBXFrameworksBuildPhase section */
		F5D949D129B8E38E00AD1DD8 /* Frameworks */ = {
			isa = PBXFrameworksBuildPhase;
			buildActionMask = 2147483647;
			files = (
			);
			runOnlyForDeploymentPostprocessing = 0;
		};
/* End PBXFrameworksBuildPhase section */

/* Begin PBXGroup section */
		F5D949CB29B8E38E00AD1DD8 = {
			isa = PBXGroup;
			children = (
				F5D949D629B8E38E00AD1DD8 /* TheChoiceApp */,
				F5D949D529B8E38E00AD1DD8 /* Products */,
			);
			sourceTree = "<group>";
		};
		F5D949D529B8E38E00AD1DD8 /* Products */ = {
			isa = PBXGroup;
			children = (
				F5D949D429B8E38E00AD1DD8 /* TheChoiceApp.app */,
			);
			name = Products;
			sourceTree = "<group>";
		};
		F5D949D629B8E38E00AD1DD8 /* TheChoiceApp */ = {
			isa = PBXGroup;
			children = (
				F5D949EE29B8E47500AD1DD8 /* App&SceneDelegate */,
				F5D949ED29B8E46D00AD1DD8 /* Model */,
				F5D949EC29B8E46000AD1DD8 /* View */,
				F5D949EB29B8E3DF00AD1DD8 /* Controller */,
				F5D949E029B8E38F00AD1DD8 /* Assets.xcassets */,
				F5D949E529B8E38F00AD1DD8 /* Info.plist */,
			);
			path = TheChoiceApp;
			sourceTree = "<group>";
		};
		F5D949EB29B8E3DF00AD1DD8 /* Controller */ = {
			isa = PBXGroup;
			children = (
				F5D949DB29B8E38E00AD1DD8 /* ViewController.swift */,
			);
			path = Controller;
			sourceTree = "<group>";
		};
		F5D949EC29B8E46000AD1DD8 /* View */ = {
			isa = PBXGroup;
			children = (
				F5D949DD29B8E38E00AD1DD8 /* Main.storyboard */,
				F5D949E229B8E38F00AD1DD8 /* LaunchScreen.storyboard */,
			);
			path = View;
			sourceTree = "<group>";
		};
		F5D949ED29B8E46D00AD1DD8 /* Model */ = {
			isa = PBXGroup;
			children = (
				F5C62AD129B9C4E500FDB80F /* Choices.swift */,
				F5C62ACF29B9C4D800FDB80F /* ChoiceBrain.swift */,
			);
			path = Model;
			sourceTree = "<group>";
		};
		F5D949EE29B8E47500AD1DD8 /* App&SceneDelegate */ = {
			isa = PBXGroup;
			children = (
				F5D949D729B8E38E00AD1DD8 /* AppDelegate.swift */,
				F5D949D929B8E38E00AD1DD8 /* SceneDelegate.swift */,
			);
			path = "App&SceneDelegate";
			sourceTree = "<group>";
		};
/* End PBXGroup section */

/* Begin PBXNativeTarget section */
		F5D949D329B8E38E00AD1DD8 /* TheChoiceApp */ = {
			isa = PBXNativeTarget;
			buildConfigurationList = F5D949E829B8E38F00AD1DD8 /* Build configuration list for PBXNativeTarget "TheChoiceApp" */;
			buildPhases = (
				F5D949D029B8E38E00AD1DD8 /* Sources */,
				F5D949D129B8E38E00AD1DD8 /* Frameworks */,
				F5D949D229B8E38E00AD1DD8 /* Resources */,
			);
			buildRules = (
			);
			dependencies = (
			);
			name = TheChoiceApp;
			productName = TheChoiceApp;
			productReference = F5D949D429B8E38E00AD1DD8 /* TheChoiceApp.app */;
			productType = "com.apple.product-type.application";
		};
/* End PBXNativeTarget section */

/* Begin PBXProject section */
		F5D949CC29B8E38E00AD1DD8 /* Project object */ = {
			isa = PBXProject;
			attributes = {
				BuildIndependentTargetsInParallel = 1;
				LastSwiftUpdateCheck = 1420;
				LastUpgradeCheck = 1420;
				TargetAttributes = {
					F5D949D329B8E38E00AD1DD8 = {
						CreatedOnToolsVersion = 14.2;
					};
				};
			};
			buildConfigurationList = F5D949CF29B8E38E00AD1DD8 /* Build configuration list for PBXProject "TheChoiceApp" */;
			compatibilityVersion = "Xcode 14.0";
			developmentRegion = en;
			hasScannedForEncodings = 0;
			knownRegions = (
				en,
				Base,
			);
			mainGroup = F5D949CB29B8E38E00AD1DD8;
			productRefGroup = F5D949D529B8E38E00AD1DD8 /* Products */;
			projectDirPath = "";
			projectRoot = "";
			targets = (
				F5D949D329B8E38E00AD1DD8 /* TheChoiceApp */,
			);
		};
/* End PBXProject section */

/* Begin PBXResourcesBuildPhase section */
		F5D949D229B8E38E00AD1DD8 /* Resources */ = {
			isa = PBXResourcesBuildPhase;
			buildActionMask = 2147483647;
			files = (
				F5D949E429B8E38F00AD1DD8 /* LaunchScreen.storyboard in Resources */,
				F5D949E129B8E38F00AD1DD8 /* Assets.xcassets in Resources */,
				F5D949DF29B8E38E00AD1DD8 /* Main.storyboard in Resources */,
			);
			runOnlyForDeploymentPostprocessing = 0;
		};
/* End PBXResourcesBuildPhase section */

/* Begin PBXSourcesBuildPhase section */
		F5D949D029B8E38E00AD1DD8 /* Sources */ = {
			isa = PBXSourcesBuildPhase;
			buildActionMask = 2147483647;
			files = (
				F5D949DC29B8E38E00AD1DD8 /* ViewController.swift in Sources */,
				F5D949D829B8E38E00AD1DD8 /* AppDelegate.swift in Sources */,
				F5D949DA29B8E38E00AD1DD8 /* SceneDelegate.swift in Sources */,
				F5C62AD229B9C4E500FDB80F /* Choices.swift in Sources */,
				F5C62AD029B9C4D800FDB80F /* ChoiceBrain.swift in Sources */,
			);
			runOnlyForDeploymentPostprocessing = 0;
		};
/* End PBXSourcesBuildPhase section */

/* Begin PBXVariantGroup section */
		F5D949DD29B8E38E00AD1DD8 /* Main.storyboard */ = {
			isa = PBXVariantGroup;
			children = (
				F5D949DE29B8E38E00AD1DD8 /* Base */,
			);
			name = Main.storyboard;
			sourceTree = "<group>";
		};
		F5D949E229B8E38F00AD1DD8 /* LaunchScreen.storyboard */ = {
			isa = PBXVariantGroup;
			children = (
				F5D949E329B8E38F00AD1DD8 /* Base */,
			);
			name = LaunchScreen.storyboard;
			sourceTree = "<group>";
		};
/* End PBXVariantGroup section */

/* Begin XCBuildConfiguration section */
		F5D949E629B8E38F00AD1DD8 /* Debug */ = {
			isa = XCBuildConfiguration;
			buildSettings = {
				ALWAYS_SEARCH_USER_PATHS = NO;
				CLANG_ANALYZER_NONNULL = YES;
				CLANG_ANALYZER_NUMBER_OBJECT_CONVERSION = YES_AGGRESSIVE;
				CLANG_CXX_LANGUAGE_STANDARD = "gnu++20";
				CLANG_ENABLE_MODULES = YES;
				CLANG_ENABLE_OBJC_ARC = YES;
				CLANG_ENABLE_OBJC_WEAK = YES;
				CLANG_WARN_BLOCK_CAPTURE_AUTORELEASING = YES;
				CLANG_WARN_BOOL_CONVERSION = YES;
				CLANG_WARN_COMMA = YES;
				CLANG_WARN_CONSTANT_CONVERSION = YES;
				CLANG_WARN_DEPRECATED_OBJC_IMPLEMENTATIONS = YES;
				CLANG_WARN_DIRECT_OBJC_ISA_USAGE = YES_ERROR;
				CLANG_WARN_DOCUMENTATION_COMMENTS = YES;
				CLANG_WARN_EMPTY_BODY = YES;
				CLANG_WARN_ENUM_CONVERSION = YES;
				CLANG_WARN_INFINITE_RECURSION = YES;
				CLANG_WARN_INT_CONVERSION = YES;
				CLANG_WARN_NON_LITERAL_NULL_CONVERSION = YES;
				CLANG_WARN_OBJC_IMPLICIT_RETAIN_SELF = YES;
				CLANG_WARN_OBJC_LITERAL_CONVERSION = YES;
				CLANG_WARN_OBJC_ROOT_CLASS = YES_ERROR;
				CLANG_WARN_QUOTED_INCLUDE_IN_FRAMEWORK_HEADER = YES;
				CLANG_WARN_RANGE_LOOP_ANALYSIS = YES;
				CLANG_WARN_STRICT_PROTOTYPES = YES;
				CLANG_WARN_SUSPICIOUS_MOVE = YES;
				CLANG_WARN_UNGUARDED_AVAILABILITY = YES_AGGRESSIVE;
				CLANG_WARN_UNREACHABLE_CODE = YES;
				CLANG_WARN__DUPLICATE_METHOD_MATCH = YES;
				COPY_PHASE_STRIP = NO;
				DEBUG_INFORMATION_FORMAT = dwarf;
				ENABLE_STRICT_OBJC_MSGSEND = YES;
				ENABLE_TESTABILITY = YES;
				GCC_C_LANGUAGE_STANDARD = gnu11;
				GCC_DYNAMIC_NO_PIC = NO;
				GCC_NO_COMMON_BLOCKS = YES;
				GCC_OPTIMIZATION_LEVEL = 0;
				GCC_PREPROCESSOR_DEFINITIONS = (
					"DEBUG=1",
					"$(inherited)",
				);
				GCC_WARN_64_TO_32_BIT_CONVERSION = YES;
				GCC_WARN_ABOUT_RETURN_TYPE = YES_ERROR;
				GCC_WARN_UNDECLARED_SELECTOR = YES;
				GCC_WARN_UNINITIALIZED_AUTOS = YES_AGGRESSIVE;
				GCC_WARN_UNUSED_FUNCTION = YES;
				GCC_WARN_UNUSED_VARIABLE = YES;
				IPHONEOS_DEPLOYMENT_TARGET = 16.2;
				MTL_ENABLE_DEBUG_INFO = INCLUDE_SOURCE;
				MTL_FAST_MATH = YES;
				ONLY_ACTIVE_ARCH = YES;
				SDKROOT = iphoneos;
				SWIFT_ACTIVE_COMPILATION_CONDITIONS = DEBUG;
				SWIFT_OPTIMIZATION_LEVEL = "-Onone";
			};
			name = Debug;
		};
		F5D949E729B8E38F00AD1DD8 /* Release */ = {
			isa = XCBuildConfiguration;
			buildSettings = {
				ALWAYS_SEARCH_USER_PATHS = NO;
				CLANG_ANALYZER_NONNULL = YES;
				CLANG_ANALYZER_NUMBER_OBJECT_CONVERSION = YES_AGGRESSIVE;
				CLANG_CXX_LANGUAGE_STANDARD = "gnu++20";
				CLANG_ENABLE_MODULES = YES;
				CLANG_ENABLE_OBJC_ARC = YES;
				CLANG_ENABLE_OBJC_WEAK = YES;
				CLANG_WARN_BLOCK_CAPTURE_AUTORELEASING = YES;
				CLANG_WARN_BOOL_CONVERSION = YES;
				CLANG_WARN_COMMA = YES;
				CLANG_WARN_CONSTANT_CONVERSION = YES;
				CLANG_WARN_DEPRECATED_OBJC_IMPLEMENTATIONS = YES;
				CLANG_WARN_DIRECT_OBJC_ISA_USAGE = YES_ERROR;
				CLANG_WARN_DOCUMENTATION_COMMENTS = YES;
				CLANG_WARN_EMPTY_BODY = YES;
				CLANG_WARN_ENUM_CONVERSION = YES;
				CLANG_WARN_INFINITE_RECURSION = YES;
				CLANG_WARN_INT_CONVERSION = YES;
				CLANG_WARN_NON_LITERAL_NULL_CONVERSION = YES;
				CLANG_WARN_OBJC_IMPLICIT_RETAIN_SELF = YES;
				CLANG_WARN_OBJC_LITERAL_CONVERSION = YES;
				CLANG_WARN_OBJC_ROOT_CLASS = YES_ERROR;
				CLANG_WARN_QUOTED_INCLUDE_IN_FRAMEWORK_HEADER = YES;
				CLANG_WARN_RANGE_LOOP_ANALYSIS = YES;
				CLANG_WARN_STRICT_PROTOTYPES = YES;
				CLANG_WARN_SUSPICIOUS_MOVE = YES;
				CLANG_WARN_UNGUARDED_AVAILABILITY = YES_AGGRESSIVE;
				CLANG_WARN_UNREACHABLE_CODE = YES;
				CLANG_WARN__DUPLICATE_METHOD_MATCH = YES;
				COPY_PHASE_STRIP = NO;
				DEBUG_INFORMATION_FORMAT = "dwarf-with-dsym";
				ENABLE_NS_ASSERTIONS = NO;
				ENABLE_STRICT_OBJC_MSGSEND = YES;
				GCC_C_LANGUAGE_STANDARD = gnu11;
				GCC_NO_COMMON_BLOCKS = YES;
				GCC_WARN_64_TO_32_BIT_CONVERSION = YES;
				GCC_WARN_ABOUT_RETURN_TYPE = YES_ERROR;
				GCC_WARN_UNDECLARED_SELECTOR = YES;
				GCC_WARN_UNINITIALIZED_AUTOS = YES_AGGRESSIVE;
				GCC_WARN_UNUSED_FUNCTION = YES;
				GCC_WARN_UNUSED_VARIABLE = YES;
				IPHONEOS_DEPLOYMENT_TARGET = 16.2;
				MTL_ENABLE_DEBUG_INFO = NO;
				MTL_FAST_MATH = YES;
				SDKROOT = iphoneos;
				SWIFT_COMPILATION_MODE = wholemodule;
				SWIFT_OPTIMIZATION_LEVEL = "-O";
				VALIDATE_PRODUCT = YES;
			};
			name = Release;
		};
		F5D949E929B8E38F00AD1DD8 /* Debug */ = {
			isa = XCBuildConfiguration;
			buildSettings = {
				ASSETCATALOG_COMPILER_APPICON_NAME = AppIcon;
				ASSETCATALOG_COMPILER_GLOBAL_ACCENT_COLOR_NAME = AccentColor;
				CODE_SIGN_STYLE = Automatic;
				CURRENT_PROJECT_VERSION = 1;
				DEVELOPMENT_TEAM = 59SJ7JX34R;
				GENERATE_INFOPLIST_FILE = YES;
				INFOPLIST_FILE = TheChoiceApp/Info.plist;
				INFOPLIST_KEY_UIApplicationSupportsIndirectInputEvents = YES;
				INFOPLIST_KEY_UILaunchStoryboardName = LaunchScreen;
				INFOPLIST_KEY_UIMainStoryboardFile = Main;
				INFOPLIST_KEY_UISupportedInterfaceOrientations_iPad = "UIInterfaceOrientationPortrait UIInterfaceOrientationPortraitUpsideDown UIInterfaceOrientationLandscapeLeft UIInterfaceOrientationLandscapeRight";
				INFOPLIST_KEY_UISupportedInterfaceOrientations_iPhone = "UIInterfaceOrientationPortrait UIInterfaceOrientationLandscapeLeft UIInterfaceOrientationLandscapeRight";
				LD_RUNPATH_SEARCH_PATHS = (
					"$(inherited)",
					"@executable_path/Frameworks",
				);
				MARKETING_VERSION = 1.0;
				PRODUCT_BUNDLE_IDENTIFIER = com.wyne.TheChoiceApp;
				PRODUCT_NAME = "$(TARGET_NAME)";
				SWIFT_EMIT_LOC_STRINGS = YES;
				SWIFT_VERSION = 5.0;
				TARGETED_DEVICE_FAMILY = "1,2";
			};
			name = Debug;
		};
		F5D949EA29B8E38F00AD1DD8 /* Release */ = {
			isa = XCBuildConfiguration;
			buildSettings = {
				ASSETCATALOG_COMPILER_APPICON_NAME = AppIcon;
				ASSETCATALOG_COMPILER_GLOBAL_ACCENT_COLOR_NAME = AccentColor;
				CODE_SIGN_STYLE = Automatic;
				CURRENT_PROJECT_VERSION = 1;
				DEVELOPMENT_TEAM = 59SJ7JX34R;
				GENERATE_INFOPLIST_FILE = YES;
				INFOPLIST_FILE = TheChoiceApp/Info.plist;
				INFOPLIST_KEY_UIApplicationSupportsIndirectInputEvents = YES;
				INFOPLIST_KEY_UILaunchStoryboardName = LaunchScreen;
				INFOPLIST_KEY_UIMainStoryboardFile = Main;
				INFOPLIST_KEY_UISupportedInterfaceOrientations_iPad = "UIInterfaceOrientationPortrait UIInterfaceOrientationPortraitUpsideDown UIInterfaceOrientationLandscapeLeft UIInterfaceOrientationLandscapeRight";
				INFOPLIST_KEY_UISupportedInterfaceOrientations_iPhone = "UIInterfaceOrientationPortrait UIInterfaceOrientationLandscapeLeft UIInterfaceOrientationLandscapeRight";
				LD_RUNPATH_SEARCH_PATHS = (
					"$(inherited)",
					"@executable_path/Frameworks",
				);
				MARKETING_VERSION = 1.0;
				PRODUCT_BUNDLE_IDENTIFIER = com.wyne.TheChoiceApp;
				PRODUCT_NAME = "$(TARGET_NAME)";
				SWIFT_EMIT_LOC_STRINGS = YES;
				SWIFT_VERSION = 5.0;
				TARGETED_DEVICE_FAMILY = "1,2";
			};
			name = Release;
		};
/* End XCBuildConfiguration section */

/* Begin XCConfigurationList section */
		F5D949CF29B8E38E00AD1DD8 /* Build configuration list for PBXProject "TheChoiceApp" */ = {
			isa = XCConfigurationList;
			buildConfigurations = (
				F5D949E629B8E38F00AD1DD8 /* Debug */,
				F5D949E729B8E38F00AD1DD8 /* Release */,
			);
			defaultConfigurationIsVisible = 0;
			defaultConfigurationName = Release;
		};
		F5D949E829B8E38F00AD1DD8 /* Build configuration list for PBXNativeTarget "TheChoiceApp" */ = {
			isa = XCConfigurationList;
			buildConfigurations = (
				F5D949E929B8E38F00AD1DD8 /* Debug */,
				F5D949EA29B8E38F00AD1DD8 /* Release */,
			);
			defaultConfigurationIsVisible = 0;
			defaultConfigurationName = Release;
		};
/* End XCConfigurationList section */
	};
	rootObject = F5D949CC29B8E38E00AD1DD8 /* Project object */;
}
